
Microsoft Visual Studio Solution File, Format Version 11.00
# Visual Studio 2010
Project("{FAE04EC0-301F-11D3-BF4B-00C04F79EFBC}") = "Assembly-CSharp", "Assembly-CSharp.csproj", "{D0B20118-00FF-6097-BB51-4BEEF10021B8}"
EndProject
Global
	GlobalSection(SolutionConfigurationPlatforms) = preSolution
		Debug|Any CPU = Debug|Any CPU
		Release|Any CPU = Release|Any CPU
	EndGlobalSection
	GlobalSection(ProjectConfigurationPlatforms) = postSolution
		{D0B20118-00FF-6097-BB51-4BEEF10021B8}.Debug|Any CPU.ActiveCfg = Debug|Any CPU
		{D0B20118-00FF-6097-BB51-4BEEF10021B8}.Debug|Any CPU.Build.0 = Debug|Any CPU
		{D0B20118-00FF-6097-BB51-4BEEF10021B8}.Release|Any CPU.ActiveCfg = Release|Any CPU
		{D0B20118-00FF-6097-BB51-4BEEF10021B8}.Release|Any CPU.Build.0 = Release|Any CPU
	EndGlobalSection
	GlobalSection(SolutionProperties) = preSolution
		HideSolutionNode = FALSE
	EndGlobalSection
EndGlobal
